
Microsoft Visual Studio Solution File, Format Version 12.00
# Visual Studio 15
VisualStudioVersion = 15.0.28307.168
MinimumVisualStudioVersion = 10.0.40219.1
Project("{9A19103F-16F7-4668-BE54-9A1E7A4F7556}") = "CumulusMX", "CumulusMX\CumulusMX.csproj", "{CB5B4242-7C64-4FFA-BA2F-97BF91D16B8F}"
EndProject
Project("{9A19103F-16F7-4668-BE54-9A1E7A4F7556}") = "CumulusMX.Extensions", "CumulusMX.Extensions\CumulusMX.Extensions.csproj", "{E098BF10-97D9-4392-ABBB-7887E59422C2}"
EndProject
Project("{2150E333-8FDC-42A3-9474-1A3956D46DE8}") = "Stations", "Stations", "{822A9949-1C06-4421-8AFF-C25D98384710}"
EndProject
Project("{FAE04EC0-301F-11D3-BF4B-00C04F79EFBC}") = "FineOffset", "Extensions\FineOffset\FineOffset.csproj", "{4386BD51-D9E6-4BF5-8193-A1B6EF4F6159}"
EndProject
Global
	GlobalSection(SolutionConfigurationPlatforms) = preSolution
		Debug|Any CPU = Debug|Any CPU
		Release|Any CPU = Release|Any CPU
	EndGlobalSection
	GlobalSection(ProjectConfigurationPlatforms) = postSolution
		{CB5B4242-7C64-4FFA-BA2F-97BF91D16B8F}.Debug|Any CPU.ActiveCfg = Debug|Any CPU
		{CB5B4242-7C64-4FFA-BA2F-97BF91D16B8F}.Debug|Any CPU.Build.0 = Debug|Any CPU
		{CB5B4242-7C64-4FFA-BA2F-97BF91D16B8F}.Release|Any CPU.ActiveCfg = Release|Any CPU
		{CB5B4242-7C64-4FFA-BA2F-97BF91D16B8F}.Release|Any CPU.Build.0 = Release|Any CPU
		{E098BF10-97D9-4392-ABBB-7887E59422C2}.Debug|Any CPU.ActiveCfg = Debug|Any CPU
		{E098BF10-97D9-4392-ABBB-7887E59422C2}.Debug|Any CPU.Build.0 = Debug|Any CPU
		{E098BF10-97D9-4392-ABBB-7887E59422C2}.Release|Any CPU.ActiveCfg = Release|Any CPU
		{E098BF10-97D9-4392-ABBB-7887E59422C2}.Release|Any CPU.Build.0 = Release|Any CPU
		{4386BD51-D9E6-4BF5-8193-A1B6EF4F6159}.Debug|Any CPU.ActiveCfg = Debug|Any CPU
		{4386BD51-D9E6-4BF5-8193-A1B6EF4F6159}.Debug|Any CPU.Build.0 = Debug|Any CPU
		{4386BD51-D9E6-4BF5-8193-A1B6EF4F6159}.Release|Any CPU.ActiveCfg = Release|Any CPU
		{4386BD51-D9E6-4BF5-8193-A1B6EF4F6159}.Release|Any CPU.Build.0 = Release|Any CPU
	EndGlobalSection
	GlobalSection(SolutionProperties) = preSolution
		HideSolutionNode = FALSE
	EndGlobalSection
	GlobalSection(NestedProjects) = preSolution
		{4386BD51-D9E6-4BF5-8193-A1B6EF4F6159} = {822A9949-1C06-4421-8AFF-C25D98384710}
	EndGlobalSection
	GlobalSection(ExtensibilityGlobals) = postSolution
		SolutionGuid = {2966F59C-7EB0-4D1F-A40E-7B1C35A231E8}
	EndGlobalSection
EndGlobal
