
Microsoft Visual Studio Solution File, Format Version 12.00
# Visual Studio Version 16
VisualStudioVersion = 16.0.29926.136
MinimumVisualStudioVersion = 10.0.40219.1
Project("{FAE04EC0-301F-11D3-BF4B-00C04F79EFBC}") = "CumulusMX", "CumulusMX\CumulusMX.csproj", "{67A70E28-25C7-4C7F-BD7B-959AE6834B2C}"
EndProject
Project("{2150E333-8FDC-42A3-9474-1A3956D46DE8}") = ".nuget", ".nuget", "{8756765F-BCCF-45E0-BC5D-2DB8222349CF}"
	ProjectSection(SolutionItems) = preProject
		.nuget\packages.config = .nuget\packages.config
	EndProjectSection
EndProject
Project("{2150E333-8FDC-42A3-9474-1A3956D46DE8}") = "Solution Items", "Solution Items", "{D1F48911-8B85-43F9-B207-3B23E81F5119}"
	ProjectSection(SolutionItems) = preProject
		.editorconfig = .editorconfig
	EndProjectSection
EndProject
Global
	GlobalSection(SolutionConfigurationPlatforms) = preSolution
		Debug|Any CPU = Debug|Any CPU
		Release|Any CPU = Release|Any CPU
	EndGlobalSection
	GlobalSection(ProjectConfigurationPlatforms) = postSolution
		{67A70E28-25C7-4C7F-BD7B-959AE6834B2C}.Debug|Any CPU.ActiveCfg = Debug|Any CPU
		{67A70E28-25C7-4C7F-BD7B-959AE6834B2C}.Debug|Any CPU.Build.0 = Debug|Any CPU
		{67A70E28-25C7-4C7F-BD7B-959AE6834B2C}.Release|Any CPU.ActiveCfg = Release|Any CPU
		{67A70E28-25C7-4C7F-BD7B-959AE6834B2C}.Release|Any CPU.Build.0 = Release|Any CPU
	EndGlobalSection
	GlobalSection(SolutionProperties) = preSolution
		HideSolutionNode = FALSE
	EndGlobalSection
	GlobalSection(ExtensibilityGlobals) = postSolution
		SolutionGuid = {2966F59C-7EB0-4D1F-A40E-7B1C35A231E8}
	EndGlobalSection
EndGlobal
