
Microsoft Visual Studio Solution File, Format Version 12.00
# Visual Studio 15
VisualStudioVersion = 15.0.28307.168
MinimumVisualStudioVersion = 10.0.40219.1
Project("{9A19103F-16F7-4668-BE54-9A1E7A4F7556}") = "CumulusMX", "CumulusMX\CumulusMX.csproj", "{CB5B4242-7C64-4FFA-BA2F-97BF91D16B8F}"
EndProject
Project("{9A19103F-16F7-4668-BE54-9A1E7A4F7556}") = "CumulusMX.Extensions", "CumulusMX.Extensions\CumulusMX.Extensions.csproj", "{E098BF10-97D9-4392-ABBB-7887E59422C2}"
EndProject
Project("{2150E333-8FDC-42A3-9474-1A3956D46DE8}") = "Stations", "Stations", "{822A9949-1C06-4421-8AFF-C25D98384710}"
EndProject
Project("{9A19103F-16F7-4668-BE54-9A1E7A4F7556}") = "FineOffset", "Extensions\FineOffset\FineOffset.csproj", "{4386BD51-D9E6-4BF5-8193-A1B6EF4F6159}"
EndProject
Project("{2150E333-8FDC-42A3-9474-1A3956D46DE8}") = "DataReporters", "DataReporters", "{32AB2F53-BAAF-4598-8F94-94C59D747969}"
EndProject
Project("{9A19103F-16F7-4668-BE54-9A1E7A4F7556}") = "FtpDataReporter", "Extensions\FtpDataReporter\FtpDataReporter.csproj", "{42212D6E-0333-470F-B636-BE472E55E558}"
EndProject
Project("{9A19103F-16F7-4668-BE54-9A1E7A4F7556}") = "WeatherUndergroundDataReporter", "Extensions\WeatherUndergroundDataReporter\WeatherUndergroundDataReporter.csproj", "{0A76A8DB-AA52-4A13-94E6-14EEA38A007E}"
EndProject
Project("{9A19103F-16F7-4668-BE54-9A1E7A4F7556}") = "AwekasDataReporter", "Extensions\AwekasDataReporter\AwekasDataReporter.csproj", "{4D05B0A7-F805-4A3B-9F00-A599FA9199C3}"
EndProject
Project("{9A19103F-16F7-4668-BE54-9A1E7A4F7556}") = "WCloudDataReporter", "Extensions\WCloudDataReporter\WCloudDataReporter.csproj", "{977EBF41-42C5-4AAD-A8F2-A24F5661CD07}"
EndProject
Project("{9A19103F-16F7-4668-BE54-9A1E7A4F7556}") = "WowDataReporter", "Extensions\WowDataReporter\WowDataReporter.csproj", "{B4E583B9-388A-4563-B3B3-E7D62C7ECD57}"
EndProject
Project("{9A19103F-16F7-4668-BE54-9A1E7A4F7556}") = "PWSDataReporter", "Extensions\PWSDataReporter\PWSDataReporter.csproj", "{506AB232-B3E7-42E8-8EAD-4A2F13A6E90B}"
EndProject
Project("{9A19103F-16F7-4668-BE54-9A1E7A4F7556}") = "WeatherBugDataReporter", "Extensions\WeatherBugDataReporter\WeatherBugDataReporter.csproj", "{195DBFD9-8EA2-4717-8DB4-6A678A76CF30}"
EndProject
Project("{9A19103F-16F7-4668-BE54-9A1E7A4F7556}") = "SqlDataReporter", "Extensions\SqlDataReporter\SqlDataReporter.csproj", "{C9D71838-750D-418F-867C-554A76EEC0D1}"
EndProject
Project("{9A19103F-16F7-4668-BE54-9A1E7A4F7556}") = "TwitterDataReporter", "Extensions\TwitterDataReporter\TwitterDataReporter.csproj", "{E6E9F36C-97D8-4075-8E8B-A34114D1CD69}"
EndProject
Project("{9A19103F-16F7-4668-BE54-9A1E7A4F7556}") = "LogFileDataReporter", "Extensions\LogFileDataReporter\LogFileDataReporter.csproj", "{F297B22B-E1AD-405A-B0E6-2F50D084B23B}"
EndProject
Project("{2150E333-8FDC-42A3-9474-1A3956D46DE8}") = "Tests", "Tests", "{755EE77D-97DC-4FCE-8CD4-1B0D64C380B8}"
EndProject
Project("{2150E333-8FDC-42A3-9474-1A3956D46DE8}") = "Stations", "Stations", "{724DE698-6348-41E0-A19E-C355821D8697}"
EndProject
Project("{2150E333-8FDC-42A3-9474-1A3956D46DE8}") = "DataReporters", "DataReporters", "{356C17CF-1B10-4E18-BC48-0BD0E09D3236}"
EndProject
Project("{9A19103F-16F7-4668-BE54-9A1E7A4F7556}") = "CumulusMXTest", "CumulusMXTest\CumulusMXTest.csproj", "{8E0E72BE-2EE5-45F6-8DF1-B8D7196D4769}"
EndProject
Project("{9A19103F-16F7-4668-BE54-9A1E7A4F7556}") = "DavisStation", "Extensions\DavisStation\DavisStation.csproj", "{9281C9F1-5CC5-4B8D-B41E-817F5F4A0D62}"
EndProject
Project("{9A19103F-16F7-4668-BE54-9A1E7A4F7556}") = "CumulusMX.Common", "CumulusMX.Common\CumulusMX.Common.csproj", "{28A809EB-CCC9-4930-BA19-589D41252E5A}"
EndProject
Project("{9A19103F-16F7-4668-BE54-9A1E7A4F7556}") = "TestStation", "Extensions\TestStation\TestStation.csproj", "{C17C7725-00CE-4B02-B68A-60F9E097CB07}"
EndProject
Global
	GlobalSection(SolutionConfigurationPlatforms) = preSolution
		Debug|Any CPU = Debug|Any CPU
		Release|Any CPU = Release|Any CPU
	EndGlobalSection
	GlobalSection(ProjectConfigurationPlatforms) = postSolution
		{CB5B4242-7C64-4FFA-BA2F-97BF91D16B8F}.Debug|Any CPU.ActiveCfg = Debug|Any CPU
		{CB5B4242-7C64-4FFA-BA2F-97BF91D16B8F}.Debug|Any CPU.Build.0 = Debug|Any CPU
		{CB5B4242-7C64-4FFA-BA2F-97BF91D16B8F}.Release|Any CPU.ActiveCfg = Release|Any CPU
		{CB5B4242-7C64-4FFA-BA2F-97BF91D16B8F}.Release|Any CPU.Build.0 = Release|Any CPU
		{E098BF10-97D9-4392-ABBB-7887E59422C2}.Debug|Any CPU.ActiveCfg = Debug|Any CPU
		{E098BF10-97D9-4392-ABBB-7887E59422C2}.Debug|Any CPU.Build.0 = Debug|Any CPU
		{E098BF10-97D9-4392-ABBB-7887E59422C2}.Release|Any CPU.ActiveCfg = Release|Any CPU
		{E098BF10-97D9-4392-ABBB-7887E59422C2}.Release|Any CPU.Build.0 = Release|Any CPU
		{4386BD51-D9E6-4BF5-8193-A1B6EF4F6159}.Debug|Any CPU.ActiveCfg = Debug|Any CPU
		{4386BD51-D9E6-4BF5-8193-A1B6EF4F6159}.Debug|Any CPU.Build.0 = Debug|Any CPU
		{4386BD51-D9E6-4BF5-8193-A1B6EF4F6159}.Release|Any CPU.ActiveCfg = Release|Any CPU
		{4386BD51-D9E6-4BF5-8193-A1B6EF4F6159}.Release|Any CPU.Build.0 = Release|Any CPU
		{42212D6E-0333-470F-B636-BE472E55E558}.Debug|Any CPU.ActiveCfg = Debug|Any CPU
		{42212D6E-0333-470F-B636-BE472E55E558}.Debug|Any CPU.Build.0 = Debug|Any CPU
		{42212D6E-0333-470F-B636-BE472E55E558}.Release|Any CPU.ActiveCfg = Release|Any CPU
		{42212D6E-0333-470F-B636-BE472E55E558}.Release|Any CPU.Build.0 = Release|Any CPU
		{0A76A8DB-AA52-4A13-94E6-14EEA38A007E}.Debug|Any CPU.ActiveCfg = Debug|Any CPU
		{0A76A8DB-AA52-4A13-94E6-14EEA38A007E}.Debug|Any CPU.Build.0 = Debug|Any CPU
		{0A76A8DB-AA52-4A13-94E6-14EEA38A007E}.Release|Any CPU.ActiveCfg = Release|Any CPU
		{0A76A8DB-AA52-4A13-94E6-14EEA38A007E}.Release|Any CPU.Build.0 = Release|Any CPU
		{4D05B0A7-F805-4A3B-9F00-A599FA9199C3}.Debug|Any CPU.ActiveCfg = Debug|Any CPU
		{4D05B0A7-F805-4A3B-9F00-A599FA9199C3}.Debug|Any CPU.Build.0 = Debug|Any CPU
		{4D05B0A7-F805-4A3B-9F00-A599FA9199C3}.Release|Any CPU.ActiveCfg = Release|Any CPU
		{4D05B0A7-F805-4A3B-9F00-A599FA9199C3}.Release|Any CPU.Build.0 = Release|Any CPU
		{977EBF41-42C5-4AAD-A8F2-A24F5661CD07}.Debug|Any CPU.ActiveCfg = Debug|Any CPU
		{977EBF41-42C5-4AAD-A8F2-A24F5661CD07}.Debug|Any CPU.Build.0 = Debug|Any CPU
		{977EBF41-42C5-4AAD-A8F2-A24F5661CD07}.Release|Any CPU.ActiveCfg = Release|Any CPU
		{977EBF41-42C5-4AAD-A8F2-A24F5661CD07}.Release|Any CPU.Build.0 = Release|Any CPU
		{B4E583B9-388A-4563-B3B3-E7D62C7ECD57}.Debug|Any CPU.ActiveCfg = Debug|Any CPU
		{B4E583B9-388A-4563-B3B3-E7D62C7ECD57}.Debug|Any CPU.Build.0 = Debug|Any CPU
		{B4E583B9-388A-4563-B3B3-E7D62C7ECD57}.Release|Any CPU.ActiveCfg = Release|Any CPU
		{B4E583B9-388A-4563-B3B3-E7D62C7ECD57}.Release|Any CPU.Build.0 = Release|Any CPU
		{506AB232-B3E7-42E8-8EAD-4A2F13A6E90B}.Debug|Any CPU.ActiveCfg = Debug|Any CPU
		{506AB232-B3E7-42E8-8EAD-4A2F13A6E90B}.Debug|Any CPU.Build.0 = Debug|Any CPU
		{506AB232-B3E7-42E8-8EAD-4A2F13A6E90B}.Release|Any CPU.ActiveCfg = Release|Any CPU
		{506AB232-B3E7-42E8-8EAD-4A2F13A6E90B}.Release|Any CPU.Build.0 = Release|Any CPU
		{195DBFD9-8EA2-4717-8DB4-6A678A76CF30}.Debug|Any CPU.ActiveCfg = Debug|Any CPU
		{195DBFD9-8EA2-4717-8DB4-6A678A76CF30}.Debug|Any CPU.Build.0 = Debug|Any CPU
		{195DBFD9-8EA2-4717-8DB4-6A678A76CF30}.Release|Any CPU.ActiveCfg = Release|Any CPU
		{195DBFD9-8EA2-4717-8DB4-6A678A76CF30}.Release|Any CPU.Build.0 = Release|Any CPU
		{C9D71838-750D-418F-867C-554A76EEC0D1}.Debug|Any CPU.ActiveCfg = Debug|Any CPU
		{C9D71838-750D-418F-867C-554A76EEC0D1}.Debug|Any CPU.Build.0 = Debug|Any CPU
		{C9D71838-750D-418F-867C-554A76EEC0D1}.Release|Any CPU.ActiveCfg = Release|Any CPU
		{C9D71838-750D-418F-867C-554A76EEC0D1}.Release|Any CPU.Build.0 = Release|Any CPU
		{E6E9F36C-97D8-4075-8E8B-A34114D1CD69}.Debug|Any CPU.ActiveCfg = Debug|Any CPU
		{E6E9F36C-97D8-4075-8E8B-A34114D1CD69}.Debug|Any CPU.Build.0 = Debug|Any CPU
		{E6E9F36C-97D8-4075-8E8B-A34114D1CD69}.Release|Any CPU.ActiveCfg = Release|Any CPU
		{E6E9F36C-97D8-4075-8E8B-A34114D1CD69}.Release|Any CPU.Build.0 = Release|Any CPU
		{F297B22B-E1AD-405A-B0E6-2F50D084B23B}.Debug|Any CPU.ActiveCfg = Debug|Any CPU
		{F297B22B-E1AD-405A-B0E6-2F50D084B23B}.Debug|Any CPU.Build.0 = Debug|Any CPU
		{F297B22B-E1AD-405A-B0E6-2F50D084B23B}.Release|Any CPU.ActiveCfg = Release|Any CPU
		{F297B22B-E1AD-405A-B0E6-2F50D084B23B}.Release|Any CPU.Build.0 = Release|Any CPU
		{8E0E72BE-2EE5-45F6-8DF1-B8D7196D4769}.Debug|Any CPU.ActiveCfg = Debug|Any CPU
		{8E0E72BE-2EE5-45F6-8DF1-B8D7196D4769}.Debug|Any CPU.Build.0 = Debug|Any CPU
		{8E0E72BE-2EE5-45F6-8DF1-B8D7196D4769}.Release|Any CPU.ActiveCfg = Release|Any CPU
		{8E0E72BE-2EE5-45F6-8DF1-B8D7196D4769}.Release|Any CPU.Build.0 = Release|Any CPU
		{9281C9F1-5CC5-4B8D-B41E-817F5F4A0D62}.Debug|Any CPU.ActiveCfg = Debug|Any CPU
		{9281C9F1-5CC5-4B8D-B41E-817F5F4A0D62}.Debug|Any CPU.Build.0 = Debug|Any CPU
		{9281C9F1-5CC5-4B8D-B41E-817F5F4A0D62}.Release|Any CPU.ActiveCfg = Release|Any CPU
		{9281C9F1-5CC5-4B8D-B41E-817F5F4A0D62}.Release|Any CPU.Build.0 = Release|Any CPU
		{28A809EB-CCC9-4930-BA19-589D41252E5A}.Debug|Any CPU.ActiveCfg = Debug|Any CPU
		{28A809EB-CCC9-4930-BA19-589D41252E5A}.Debug|Any CPU.Build.0 = Debug|Any CPU
		{28A809EB-CCC9-4930-BA19-589D41252E5A}.Release|Any CPU.ActiveCfg = Release|Any CPU
		{28A809EB-CCC9-4930-BA19-589D41252E5A}.Release|Any CPU.Build.0 = Release|Any CPU
		{C17C7725-00CE-4B02-B68A-60F9E097CB07}.Debug|Any CPU.ActiveCfg = Debug|Any CPU
		{C17C7725-00CE-4B02-B68A-60F9E097CB07}.Debug|Any CPU.Build.0 = Debug|Any CPU
		{C17C7725-00CE-4B02-B68A-60F9E097CB07}.Release|Any CPU.ActiveCfg = Release|Any CPU
		{C17C7725-00CE-4B02-B68A-60F9E097CB07}.Release|Any CPU.Build.0 = Release|Any CPU
	EndGlobalSection
	GlobalSection(SolutionProperties) = preSolution
		HideSolutionNode = FALSE
	EndGlobalSection
	GlobalSection(NestedProjects) = preSolution
		{4386BD51-D9E6-4BF5-8193-A1B6EF4F6159} = {822A9949-1C06-4421-8AFF-C25D98384710}
		{42212D6E-0333-470F-B636-BE472E55E558} = {32AB2F53-BAAF-4598-8F94-94C59D747969}
		{0A76A8DB-AA52-4A13-94E6-14EEA38A007E} = {32AB2F53-BAAF-4598-8F94-94C59D747969}
		{4D05B0A7-F805-4A3B-9F00-A599FA9199C3} = {32AB2F53-BAAF-4598-8F94-94C59D747969}
		{977EBF41-42C5-4AAD-A8F2-A24F5661CD07} = {32AB2F53-BAAF-4598-8F94-94C59D747969}
		{B4E583B9-388A-4563-B3B3-E7D62C7ECD57} = {32AB2F53-BAAF-4598-8F94-94C59D747969}
		{506AB232-B3E7-42E8-8EAD-4A2F13A6E90B} = {32AB2F53-BAAF-4598-8F94-94C59D747969}
		{195DBFD9-8EA2-4717-8DB4-6A678A76CF30} = {32AB2F53-BAAF-4598-8F94-94C59D747969}
		{C9D71838-750D-418F-867C-554A76EEC0D1} = {32AB2F53-BAAF-4598-8F94-94C59D747969}
		{E6E9F36C-97D8-4075-8E8B-A34114D1CD69} = {32AB2F53-BAAF-4598-8F94-94C59D747969}
		{F297B22B-E1AD-405A-B0E6-2F50D084B23B} = {32AB2F53-BAAF-4598-8F94-94C59D747969}
		{724DE698-6348-41E0-A19E-C355821D8697} = {755EE77D-97DC-4FCE-8CD4-1B0D64C380B8}
		{356C17CF-1B10-4E18-BC48-0BD0E09D3236} = {755EE77D-97DC-4FCE-8CD4-1B0D64C380B8}
		{8E0E72BE-2EE5-45F6-8DF1-B8D7196D4769} = {755EE77D-97DC-4FCE-8CD4-1B0D64C380B8}
		{9281C9F1-5CC5-4B8D-B41E-817F5F4A0D62} = {822A9949-1C06-4421-8AFF-C25D98384710}
		{C17C7725-00CE-4B02-B68A-60F9E097CB07} = {822A9949-1C06-4421-8AFF-C25D98384710}
	EndGlobalSection
	GlobalSection(ExtensibilityGlobals) = postSolution
		SolutionGuid = {2966F59C-7EB0-4D1F-A40E-7B1C35A231E8}
	EndGlobalSection
EndGlobal
